# This file is automatically @generated by Poetry 2.3.2 and should not be changed by hand.

[[package]]
name = "pyqt6"
version = "6.10.2"
description = "Python bindings for the Qt cross platform application toolkit"
optional = false
python-versions = ">=3.9"
groups = ["main"]
files = [
    {file = "pyqt6-6.10.2-cp39-abi3-macosx_10_14_universal2.whl", hash = "sha256:37ae7c1183fe4dd0c6aefd2006a35731245de1cb6f817bb9e414a3e4848dfd6d"},
    {file = "pyqt6-6.10.2-cp39-abi3-manylinux_2_34_x86_64.whl", hash = "sha256:78e1b3d5763e4cbc84485aef600e0aba5e1932fd263b716f92cd1a40dfa5e924"},
    {file = "pyqt6-6.10.2-cp39-abi3-manylinux_2_39_aarch64.whl", hash = "sha256:bbc3af541bbecd27301bfe69fe445aa1611a9b490bd3de77306b12df632f7ec6"},
    {file = "pyqt6-6.10.2-cp39-abi3-win_amd64.whl", hash = "sha256:bd328cb70bc382c48861cd5f0a11b2b8ae6f5692d5a2d6679ba52785dced327b"},
    {file = "pyqt6-6.10.2-cp39-abi3-win_arm64.whl", hash = "sha256:7901ba1df024b7ee9fdacfb2b7661aeb3749ae8b0bef65428077de3e0450eabb"},
    {file = "pyqt6-6.10.2.tar.gz", hash = "sha256:6c0db5d8cbb9a3e7e2b5b51d0ff3f283121fa27b864db6d2f35b663c9be5cc83"},
]

[package.dependencies]
PyQt6-Qt6 = ">=6.10.0,<6.11.0"
PyQt6-sip = ">=13.8,<14"

[[package]]
name = "pyqt6-qt6"
version = "6.10.2"
description = "The subset of a Qt installation needed by PyQt6."
optional = false
python-versions = "*"
groups = ["main"]
files = [
    {file = "pyqt6_qt6-6.10.2-py3-none-macosx_10_14_x86_64.whl", hash = "sha256:5761cfccc721da2311c3f1213577f0ff1df07bbbbe3fa3a209a256b82cf057e3"},
    {file = "pyqt6_qt6-6.10.2-py3-none-macosx_11_0_arm64.whl", hash = "sha256:6dda853a8db1b8d1a2ddbbe76cc6c3aa86614cad14056bd3c0435d8feea73b2d"},
    {file = "pyqt6_qt6-6.10.2-py3-none-manylinux_2_34_x86_64.whl", hash = "sha256:19c10b5f0806e9f9bac2c9759bd5d7d19a78967f330fd60a2db409177fa76e49"},
    {file = "pyqt6_qt6-6.10.2-py3-none-manylinux_2_39_aarch64.whl", hash = "sha256:2e60d616861ca4565cd295418d605975aa2dc407ba4b94c1586a70c92e9cb052"},
    {file = "pyqt6_qt6-6.10.2-py3-none-win_amd64.whl", hash = "sha256:c4b7f7d66cc58bddf1bc1ca28dfcf7a45f58cfcb11d81d13a0510409dd4957ac"},
    {file = "pyqt6_qt6-6.10.2-py3-none-win_arm64.whl", hash = "sha256:7164a6f0c1335358a3026df9865c8f75395b01f60f0dcd2f66c029ec16fc83d2"},
]

[[package]]
name = "pyqt6-sip"
version = "13.11.0"
description = "The sip module support for PyQt6"
optional = false
python-versions = ">=3.10"
groups = ["main"]
files = [
    {file = "pyqt6_sip-13.11.0-cp310-cp310-macosx_10_9_universal2.whl", hash = "sha256:90b597feae3c374eb1af7bfc515836aa39829ff3a1dffa5fe92ba139d273946a"},
    {file = "pyqt6_sip-13.11.0-cp310-cp310-manylinux1_x86_64.manylinux_2_5_x86_64.whl", hash = "sha256:261f8f7063c862863f05629219be08be9bddd01d1a83181f8439d19852ae1571"},
    {file = "pyqt6_sip-13.11.0-cp310-cp310-manylinux_2_17_aarch64.manylinux2014_aarch64.whl", hash = "sha256:b8532a5612762a5c1859e4b38359f847e07596ec210942221e22b10df5327fcc"},
    {file = "pyqt6_sip-13.11.0-cp310-cp310-win_amd64.whl", hash = "sha256:87edd15791c7d20fa3ffc68e6f4825f989a6510c11019eb5a11c1622b8802f8d"},
    {file = "pyqt6_sip-13.11.0-cp311-cp311-macosx_10_9_universal2.whl", hash = "sha256:6e329ccc3a6502e2b774ef62ab843ac8b3f32191324e8230e6dde78c1c0df5a8"},
    {file = "pyqt6_sip-13.11.0-cp311-cp311-manylinux1_x86_64.manylinux_2_5_x86_64.whl", hash = "sha256:364424dacdee9e0a2a723646b5608139629ad9bde318dd755d86f5e0ba123c79"},
    {file = "pyqt6_sip-13.11.0-cp311-cp311-manylinux_2_17_aarch64.manylinux2014_aarch64.whl", hash = "sha256:132ee69d935c14bb4ced2a811ef333200c7aa50324bd7caadefd7d5874495225"},
    {file = "pyqt6_sip-13.11.0-cp311-cp311-win_amd64.whl", hash = "sha256:341e52e702d41872515794dea6265ee56b8625c9d3c74ea0468124f0bd675f8b"},
    {file = "pyqt6_sip-13.11.0-cp311-cp311-win_arm64.whl", hash = "sha256:489fdd0910f8c1d5d40255b4cd7b45f4a4549f9a599512bc6b2cc8d384e28852"},
    {file = "pyqt6_sip-13.11.0-cp312-cp312-macosx_10_9_universal2.whl", hash = "sha256:6b3267cd93b7f4da6fdf9a6a26f3baed8faae06e5cdd76235f2acc2116c40a54"},
    {file = "pyqt6_sip-13.11.0-cp312-cp312-manylinux1_x86_64.manylinux_2_5_x86_64.whl", hash = "sha256:c30248d9bbe54c46a78e5d549da50295ecd6584b965597f751e272f000fb8527"},
    {file = "pyqt6_sip-13.11.0-cp312-cp312-manylinux_2_17_aarch64.manylinux2014_aarch64.whl", hash = "sha256:9c367b53a91e575ef66c1375f899713bdaf0a8b2c64b95ac226e9644854a4984"},
    {file = "pyqt6_sip-13.11.0-cp312-cp312-win_amd64.whl", hash = "sha256:077958105c2ea2f62be2f1a7611ff8bd44cb52fb5ea8fc8c59ea949144acb7b5"},
    {file = "pyqt6_sip-13.11.0-cp312-cp312-win_arm64.whl", hash = "sha256:52812471619d3d3750b940d7d124cd0954107656924921ac177e098ba36362fb"},
    {file = "pyqt6_sip-13.11.0-cp313-cp313-macosx_10_13_universal2.whl", hash = "sha256:929716eebde1a64ffdb6b1715db6a22aefd5634d6df84858c7deb5e85be84fdf"},
    {file = "pyqt6_sip-13.11.0-cp313-cp313-manylinux1_x86_64.manylinux_2_5_x86_64.whl", hash = "sha256:a75144e8a0bcf9d1a9069011890401748af353749f1de1b6a314b880781edf9d"},
    {file = "pyqt6_sip-13.11.0-cp313-cp313-manylinux_2_17_aarch64.manylinux2014_aarch64.whl", hash = "sha256:8082b5f57ffad5dddf5efcf0ef5eaf94841395aa4e7c374c79ef24cf49b0f0ce"},
    {file = "pyqt6_sip-13.11.0-cp313-cp313-win_amd64.whl", hash = "sha256:8d49b5bf3d8d36cd7db93ddc54cd09dbba96a3fd926e445ef75499b41e47b5a3"},
    {file = "pyqt6_sip-13.11.0-cp313-cp313-win_arm64.whl", hash = "sha256:293eac1b53c66c54b03266cc30015ec77454af679043a4f188b9bb80a9656996"},
    {file = "pyqt6_sip-13.11.0-cp314-cp314-macosx_10_15_universal2.whl", hash = "sha256:4dc9c4df24af0571423c3e85b5c008bad42ed48558eef80fbc3e5d30274c5abb"},
    {file = "pyqt6_sip-13.11.0-cp314-cp314-manylinux1_x86_64.manylinux_2_5_x86_64.whl", hash = "sha256:c974d5a193f32e55e746e9b63138503163ac63500dbb1fd67233d8a8d71369bd"},
    {file = "pyqt6_sip-13.11.0-cp314-cp314-manylinux_2_17_aarch64.manylinux2014_aarch64.whl", hash = "sha256:4284540ffccd8349763ddce3518264dde62f20556720d4061b9c895e09011ca0"},
    {file = "pyqt6_sip-13.11.0-cp314-cp314-win_amd64.whl", hash = "sha256:9bd81cb351640abc803ea2fe7262b5adea28615c9b96fd103d1b6f3459937211"},
    {file = "pyqt6_sip-13.11.0-cp314-cp314-win_arm64.whl", hash = "sha256:cd95ec98f8edb15bcea832b8657809f69d758bc4151cc6fd7790c0181949e45f"},
    {file = "pyqt6_sip-13.11.0.tar.gz", hash = "sha256:d463af37738bda1856c9ef513e5620a37b7a005e9d589c986c3304db4a8a14d3"},
]

[metadata]
lock-version = "2.1"
python-versions = ">=3.11"
content-hash = "c84c6ed932dbc5d9679af9f8735bf739f533d827220a477ff13a4fb957cc0201"
